
Microsoft Visual Studio Solution File, Format Version 12.00
# Visual Studio Version 17
VisualStudioVersion = 17.10.35013.160
MinimumVisualStudioVersion = 10.0.40219.1
Project("{2150E333-8FDC-42A3-9474-1A3956D46DE8}") = "Base", "Base", "{834B0210-6823-4E3D-B2A3-8AD40DFA2C41}"
EndProject
Project("{2150E333-8FDC-42A3-9474-1A3956D46DE8}") = "Console", "Console", "{7BCD4DF3-8953-4E8A-A1F2-0C8A89E00E5B}"
EndProject
Project("{2150E333-8FDC-42A3-9474-1A3956D46DE8}") = "WPF", "WPF", "{F3BB8435-AEC0-4A63-B5AF-349457E55978}"
EndProject
Project("{9A19103F-16F7-4668-BE54-9A1E7A4F7556}") = "Controller", "Controller\Controller.csproj", "{FE60EC8A-F724-43E4-96DB-A194E17F70D3}"
EndProject
Project("{9A19103F-16F7-4668-BE54-9A1E7A4F7556}") = "Model", "Model\Model.csproj", "{A5CCA315-DD70-43B8-A1F1-12C12882EA2D}"
EndProject
Project("{9A19103F-16F7-4668-BE54-9A1E7A4F7556}") = "View", "View\View.csproj", "{C24BA8B3-2B7C-4B74-8DCE-B5A5E44E175A}"
EndProject
Project("{9A19103F-16F7-4668-BE54-9A1E7A4F7556}") = "ViewConsole", "ViewConsole\ViewConsole.csproj", "{B501729A-8455-40D3-AD7C-413F9A2B4F2B}"
EndProject
Project("{9A19103F-16F7-4668-BE54-9A1E7A4F7556}") = "ControllerWPF", "ControllerWPF\ControllerWPF.csproj", "{5E083243-F5C1-4F47-948C-C413E3A76861}"
EndProject
Project("{9A19103F-16F7-4668-BE54-9A1E7A4F7556}") = "ViewWPF", "ViewWPF\ViewWPF.csproj", "{9824832D-AA05-43C7-ACE8-1EA4667448C3}"
EndProject
Project("{9A19103F-16F7-4668-BE54-9A1E7A4F7556}") = "RunnerWPF", "RunnerWPF\RunnerWPF.csproj", "{E75DF057-C816-4FA6-995E-886093DEF4BE}"
EndProject
Project("{9A19103F-16F7-4668-BE54-9A1E7A4F7556}") = "ControllerConsole", "ControllerConsole\ControllerConsole.csproj", "{C509F27F-8A4A-4957-87E8-1D27AE51EB97}"
EndProject
Project("{FAE04EC0-301F-11D3-BF4B-00C04F79EFBC}") = "RunnerConsole2", "RunnerConsole2\RunnerConsole2.csproj", "{F89F4FD5-0A35-4686-883E-E3E2BFAAB57B}"
EndProject
Global
	GlobalSection(SolutionConfigurationPlatforms) = preSolution
		Debug|Any CPU = Debug|Any CPU
		Release|Any CPU = Release|Any CPU
	EndGlobalSection
	GlobalSection(ProjectConfigurationPlatforms) = postSolution
		{FE60EC8A-F724-43E4-96DB-A194E17F70D3}.Debug|Any CPU.ActiveCfg = Debug|Any CPU
		{FE60EC8A-F724-43E4-96DB-A194E17F70D3}.Debug|Any CPU.Build.0 = Debug|Any CPU
		{FE60EC8A-F724-43E4-96DB-A194E17F70D3}.Release|Any CPU.ActiveCfg = Release|Any CPU
		{FE60EC8A-F724-43E4-96DB-A194E17F70D3}.Release|Any CPU.Build.0 = Release|Any CPU
		{A5CCA315-DD70-43B8-A1F1-12C12882EA2D}.Debug|Any CPU.ActiveCfg = Debug|Any CPU
		{A5CCA315-DD70-43B8-A1F1-12C12882EA2D}.Debug|Any CPU.Build.0 = Debug|Any CPU
		{A5CCA315-DD70-43B8-A1F1-12C12882EA2D}.Release|Any CPU.ActiveCfg = Release|Any CPU
		{A5CCA315-DD70-43B8-A1F1-12C12882EA2D}.Release|Any CPU.Build.0 = Release|Any CPU
		{C24BA8B3-2B7C-4B74-8DCE-B5A5E44E175A}.Debug|Any CPU.ActiveCfg = Debug|Any CPU
		{C24BA8B3-2B7C-4B74-8DCE-B5A5E44E175A}.Debug|Any CPU.Build.0 = Debug|Any CPU
		{C24BA8B3-2B7C-4B74-8DCE-B5A5E44E175A}.Release|Any CPU.ActiveCfg = Release|Any CPU
		{C24BA8B3-2B7C-4B74-8DCE-B5A5E44E175A}.Release|Any CPU.Build.0 = Release|Any CPU
		{B501729A-8455-40D3-AD7C-413F9A2B4F2B}.Debug|Any CPU.ActiveCfg = Debug|Any CPU
		{B501729A-8455-40D3-AD7C-413F9A2B4F2B}.Debug|Any CPU.Build.0 = Debug|Any CPU
		{B501729A-8455-40D3-AD7C-413F9A2B4F2B}.Release|Any CPU.ActiveCfg = Release|Any CPU
		{B501729A-8455-40D3-AD7C-413F9A2B4F2B}.Release|Any CPU.Build.0 = Release|Any CPU
		{5E083243-F5C1-4F47-948C-C413E3A76861}.Debug|Any CPU.ActiveCfg = Debug|Any CPU
		{5E083243-F5C1-4F47-948C-C413E3A76861}.Debug|Any CPU.Build.0 = Debug|Any CPU
		{5E083243-F5C1-4F47-948C-C413E3A76861}.Release|Any CPU.ActiveCfg = Release|Any CPU
		{5E083243-F5C1-4F47-948C-C413E3A76861}.Release|Any CPU.Build.0 = Release|Any CPU
		{9824832D-AA05-43C7-ACE8-1EA4667448C3}.Debug|Any CPU.ActiveCfg = Debug|Any CPU
		{9824832D-AA05-43C7-ACE8-1EA4667448C3}.Debug|Any CPU.Build.0 = Debug|Any CPU
		{9824832D-AA05-43C7-ACE8-1EA4667448C3}.Release|Any CPU.ActiveCfg = Release|Any CPU
		{9824832D-AA05-43C7-ACE8-1EA4667448C3}.Release|Any CPU.Build.0 = Release|Any CPU
		{E75DF057-C816-4FA6-995E-886093DEF4BE}.Debug|Any CPU.ActiveCfg = Debug|Any CPU
		{E75DF057-C816-4FA6-995E-886093DEF4BE}.Debug|Any CPU.Build.0 = Debug|Any CPU
		{E75DF057-C816-4FA6-995E-886093DEF4BE}.Release|Any CPU.ActiveCfg = Release|Any CPU
		{E75DF057-C816-4FA6-995E-886093DEF4BE}.Release|Any CPU.Build.0 = Release|Any CPU
		{C509F27F-8A4A-4957-87E8-1D27AE51EB97}.Debug|Any CPU.ActiveCfg = Debug|Any CPU
		{C509F27F-8A4A-4957-87E8-1D27AE51EB97}.Debug|Any CPU.Build.0 = Debug|Any CPU
		{C509F27F-8A4A-4957-87E8-1D27AE51EB97}.Release|Any CPU.ActiveCfg = Release|Any CPU
		{C509F27F-8A4A-4957-87E8-1D27AE51EB97}.Release|Any CPU.Build.0 = Release|Any CPU
		{F89F4FD5-0A35-4686-883E-E3E2BFAAB57B}.Debug|Any CPU.ActiveCfg = Debug|Any CPU
		{F89F4FD5-0A35-4686-883E-E3E2BFAAB57B}.Debug|Any CPU.Build.0 = Debug|Any CPU
		{F89F4FD5-0A35-4686-883E-E3E2BFAAB57B}.Release|Any CPU.ActiveCfg = Release|Any CPU
		{F89F4FD5-0A35-4686-883E-E3E2BFAAB57B}.Release|Any CPU.Build.0 = Release|Any CPU
	EndGlobalSection
	GlobalSection(SolutionProperties) = preSolution
		HideSolutionNode = FALSE
	EndGlobalSection
	GlobalSection(NestedProjects) = preSolution
		{FE60EC8A-F724-43E4-96DB-A194E17F70D3} = {834B0210-6823-4E3D-B2A3-8AD40DFA2C41}
		{A5CCA315-DD70-43B8-A1F1-12C12882EA2D} = {834B0210-6823-4E3D-B2A3-8AD40DFA2C41}
		{C24BA8B3-2B7C-4B74-8DCE-B5A5E44E175A} = {834B0210-6823-4E3D-B2A3-8AD40DFA2C41}
		{B501729A-8455-40D3-AD7C-413F9A2B4F2B} = {7BCD4DF3-8953-4E8A-A1F2-0C8A89E00E5B}
		{5E083243-F5C1-4F47-948C-C413E3A76861} = {F3BB8435-AEC0-4A63-B5AF-349457E55978}
		{9824832D-AA05-43C7-ACE8-1EA4667448C3} = {F3BB8435-AEC0-4A63-B5AF-349457E55978}
		{E75DF057-C816-4FA6-995E-886093DEF4BE} = {F3BB8435-AEC0-4A63-B5AF-349457E55978}
		{C509F27F-8A4A-4957-87E8-1D27AE51EB97} = {7BCD4DF3-8953-4E8A-A1F2-0C8A89E00E5B}
		{F89F4FD5-0A35-4686-883E-E3E2BFAAB57B} = {7BCD4DF3-8953-4E8A-A1F2-0C8A89E00E5B}
	EndGlobalSection
	GlobalSection(ExtensibilityGlobals) = postSolution
		SolutionGuid = {C8F23DDB-BB2D-454D-A5EE-697E2A0487B1}
	EndGlobalSection
EndGlobal
